// !$*UTF8*$!
{
	archiveVersion = 1;
	classes = {
	};
	objectVersion = 54;
	objects = {

/* Begin PBXBuildFile section */
		1498D2341E8E89220040F4C2 /* GeneratedPluginRegistrant.m in Sources */ = {isa = PBXBuildFile; fileRef = 1498D2331E8E89220040F4C2 /* GeneratedPluginRegistrant.m */; };
		331C808B294A63AB00263BE5 /* RunnerTests.swift in Sources */ = {isa = PBXBuildFile; fileRef = 331C807B294A618700263BE5 /* RunnerTests.swift */; };
		368DAD565BF5EA320822DE03 /* Pods_Runner.framework in Frameworks */ = {isa = PBXBuildFile; fileRef = E4DF95BF2D5EC43CC4419853 /* Pods_Runner.framework */; };
		3B3967161E833CAA004F5970 /* AppFrameworkInfo.plist in Resources */ = {isa = PBXBuildFile; fileRef = 3B3967151E833CAA004F5970 /* AppFrameworkInfo.plist */; };
		3FF2C1798059D69782103AAF /* MLXLMCommon in Frameworks */ = {isa = PBXBuildFile; productRef = 013A30403124B221C713E0FF /* MLXLMCommon */; };
		4CFDDD203F82480D3ADAD134 /* MLXRandom in Frameworks */ = {isa = PBXBuildFile; productRef = 9E629C3EE8B6C9DD9BA0BBAF /* MLXRandom */; };
		55DB17426CA39E2BF1865232 /* LMMiniAppIntents.swift in Sources */ = {isa = PBXBuildFile; fileRef = 4B790B2FBD2656B40A3FFF2E /* LMMiniAppIntents.swift */; };
		74858FAF1ED2DC5600515810 /* AppDelegate.swift in Sources */ = {isa = PBXBuildFile; fileRef = 74858FAE1ED2DC5600515810 /* AppDelegate.swift */; };
		97C146FC1CF9000F007C117D /* Main.storyboard in Resources */ = {isa = PBXBuildFile; fileRef = 97C146FA1CF9000F007C117D /* Main.storyboard */; };
		97C146FE1CF9000F007C117D /* Assets.xcassets in Resources */ = {isa = PBXBuildFile; fileRef = 97C146FD1CF9000F007C117D /* Assets.xcassets */; };
		97C147011CF9000F007C117D /* LaunchScreen.storyboard in Resources */ = {isa = PBXBuildFile; fileRef = 97C146FF1CF9000F007C117D /* LaunchScreen.storyboard */; };
		A0A9ADD530E3BB60CE37D22F /* Pods_RunnerTests.framework in Frameworks */ = {isa = PBXBuildFile; fileRef = 2B4061C3B86F955A3157E239 /* Pods_RunnerTests.framework */; };
		A11B22C33D44E5500111000D /* LMMiniWatch.app in Embed Watch Content */ = {isa = PBXBuildFile; fileRef = A11B22C33D44E55001110002 /* LMMiniWatch.app */; settings = {ATTRIBUTES = (RemoveHeadersOnCopy, ); }; };
		A11B22C33D44E55001110011 /* WatchPhoneBridge.swift in Sources */ = {isa = PBXBuildFile; fileRef = A11B22C33D44E55001110010 /* WatchPhoneBridge.swift */; };
		A1B2C3D4E5F600000000A001 /* MLXBridge.swift in Sources */ = {isa = PBXBuildFile; fileRef = A1B2C3D4E5F600000000A000 /* MLXBridge.swift */; };
		B2C3D4E5F600000000000001 /* BackgroundDownloadManager.swift in Sources */ = {isa = PBXBuildFile; fileRef = B2C3D4E5F600000000000000 /* BackgroundDownloadManager.swift */; };
		C0D1FEFA2F1443E2005C0415 /* WidgetKit.framework in Frameworks */ = {isa = PBXBuildFile; fileRef = C0D1FEF92F1443E2005C0415 /* WidgetKit.framework */; };
		C0D1FEFC2F1443E2005C0415 /* SwiftUI.framework in Frameworks */ = {isa = PBXBuildFile; fileRef = C0D1FEFB2F1443E2005C0415 /* SwiftUI.framework */; };
		C0D1FF0B2F1443E3005C0415 /* LMWidgetExtensionExtension.appex in Embed Foundation Extensions */ = {isa = PBXBuildFile; fileRef = C0D1FEF82F1443E2005C0415 /* LMWidgetExtensionExtension.appex */; settings = {ATTRIBUTES = (RemoveHeadersOnCopy, ); }; };
		C1A2B3C4D5E6F70809101113 /* LanHostnameLookup.swift in Sources */ = {isa = PBXBuildFile; fileRef = C1A2B3C4D5E6F70809101112 /* LanHostnameLookup.swift */; };
		C5275DF8E4EBCE3C79A08EDC /* MLX in Frameworks */ = {isa = PBXBuildFile; productRef = AADE0367C8757AD700303DB1 /* MLX */; };
		D20B12C4DD213790C429E6BC /* CoreMLStableDiffusion in Frameworks */ = {isa = PBXBuildFile; productRef = 0F1EA3167C56A84574F9B876 /* CoreMLStableDiffusion */; };
		D7B2E8A91C3344F0B1A90002 /* LMMiniSiriBridge.swift in Sources */ = {isa = PBXBuildFile; fileRef = D7B2E8A91C3344F0B1A90001 /* LMMiniSiriBridge.swift */; };
		DF22FFAC8B22492DD4B15B17 /* MLXNN in Frameworks */ = {isa = PBXBuildFile; productRef = 394C69194AB81EF4ED66C7AE /* MLXNN */; };
		E8A1B2C3D4E500000000B001 /* MoeStreamBridge.swift in Sources */ = {isa = PBXBuildFile; fileRef = E8A1B2C3D4E500000000B000 /* MoeStreamBridge.swift */; };
		E8A1B2C3D4E500000000B003 /* moe_stream_engine.mm in Sources */ = {isa = PBXBuildFile; fileRef = E8A1B2C3D4E500000000B002 /* moe_stream_engine.mm */; };
		EBEC09C8094DC735CEF33435 /* GoogleService-Info.plist in Resources */ = {isa = PBXBuildFile; fileRef = 9C8DA91EEC8D3A2871A9C51E /* GoogleService-Info.plist */; };
		F1354702C0BE79124E3AED43 /* OnDeviceSdBridge.swift in Sources */ = {isa = PBXBuildFile; fileRef = 76DBF42C23FB3BBFA04CEFFD /* OnDeviceSdBridge.swift */; };
		F3F6141FF83B3E48F50B9E72 /* MLXLLM in Frameworks */ = {isa = PBXBuildFile; productRef = DAEE13A6599A359869707531 /* MLXLLM */; };
		F9058484BE39A89E50F09A42 /* MLXFast in Frameworks */ = {isa = PBXBuildFile; productRef = EE4CB2F97797287B82085540 /* MLXFast */; };
/* End PBXBuildFile section */

/* Begin PBXContainerItemProxy section */
		331C8085294A63A400263BE5 /* PBXContainerItemProxy */ = {
			isa = PBXContainerItemProxy;
			containerPortal = 97C146E61CF9000F007C117D /* Project object */;
			proxyType = 1;
			remoteGlobalIDString = 97C146ED1CF9000F007C117D;
			remoteInfo = Runner;
		};
		A11B22C33D44E5500111000F /* PBXContainerItemProxy */ = {
			isa = PBXContainerItemProxy;
			containerPortal = 97C146E61CF9000F007C117D /* Project object */;
			proxyType = 1;
			remoteGlobalIDString = A11B22C33D44E55001110001;
			remoteInfo = LMMiniWatch;
		};
		C0D1FF092F1443E3005C0415 /* PBXContainerItemProxy */ = {
			isa = PBXContainerItemProxy;
			containerPortal = 97C146E61CF9000F007C117D /* Project object */;
			proxyType = 1;
			remoteGlobalIDString = C0D1FEF72F1443E2005C0415;
			remoteInfo = LMWidgetExtensionExtension;
		};
/* End PBXContainerItemProxy section */

/* Begin PBXCopyFilesBuildPhase section */
		9705A1C41CF9048500538489 /* Embed Frameworks */ = {
			isa = PBXCopyFilesBuildPhase;
			buildActionMask = 2147483647;
			dstPath = "";
			dstSubfolderSpec = 10;
			files = (
			);
			name = "Embed Frameworks";
			runOnlyForDeploymentPostprocessing = 0;
		};
		A11B22C33D44E5500111000C /* Embed Watch Content */ = {
			isa = PBXCopyFilesBuildPhase;
			buildActionMask = 2147483647;
			dstPath = "$(CONTENTS_FOLDER_PATH)/Watch";
			dstSubfolderSpec = 16;
			files = (
				A11B22C33D44E5500111000D /* LMMiniWatch.app in Embed Watch Content */,
			);
			name = "Embed Watch Content";
			runOnlyForDeploymentPostprocessing = 0;
		};
		C0D1FF0C2F1443E3005C0415 /* Embed Foundation Extensions */ = {
			isa = PBXCopyFilesBuildPhase;
			buildActionMask = 2147483647;
			dstPath = "";
			dstSubfolderSpec = 13;
			files = (
				C0D1FF0B2F1443E3005C0415 /* LMWidgetExtensionExtension.appex in Embed Foundation Extensions */,
			);
			name = "Embed Foundation Extensions";
			runOnlyForDeploymentPostprocessing = 0;
		};
/* End PBXCopyFilesBuildPhase section */

/* Begin PBXFileReference section */
		1498D2321E8E86230040F4C2 /* GeneratedPluginRegistrant.h */ = {isa = PBXFileReference; lastKnownFileType = sourcecode.c.h; path = GeneratedPluginRegistrant.h; sourceTree = "<group>"; };
		1498D2331E8E89220040F4C2 /* GeneratedPluginRegistrant.m */ = {isa = PBXFileReference; fileEncoding = 4; lastKnownFileType = sourcecode.c.objc; path = GeneratedPluginRegistrant.m; sourceTree = "<group>"; };
		2B4061C3B86F955A3157E239 /* Pods_RunnerTests.framework */ = {isa = PBXFileReference; explicitFileType = wrapper.framework; includeInIndex = 0; path = Pods_RunnerTests.framework; sourceTree = BUILT_PRODUCTS_DIR; };
		331C807B294A618700263BE5 /* RunnerTests.swift */ = {isa = PBXFileReference; lastKnownFileType = sourcecode.swift; path = RunnerTests.swift; sourceTree = "<group>"; };
		331C8081294A63A400263BE5 /* RunnerTests.xctest */ = {isa = PBXFileReference; explicitFileType = wrapper.cfbundle; includeInIndex = 0; path = RunnerTests.xctest; sourceTree = BUILT_PRODUCTS_DIR; };
		3B3967151E833CAA004F5970 /* AppFrameworkInfo.plist */ = {isa = PBXFileReference; fileEncoding = 4; lastKnownFileType = text.plist.xml; name = AppFrameworkInfo.plist; path = Flutter/AppFrameworkInfo.plist; sourceTree = "<group>"; };
		3F987C56FE33D32F74169927 /* Pods-RunnerTests.debug.xcconfig */ = {isa = PBXFileReference; includeInIndex = 1; lastKnownFileType = text.xcconfig; name = "Pods-RunnerTests.debug.xcconfig"; path = "Target Support Files/Pods-RunnerTests/Pods-RunnerTests.debug.xcconfig"; sourceTree = "<group>"; };
		4B790B2FBD2656B40A3FFF2E /* LMMiniAppIntents.swift */ = {isa = PBXFileReference; includeInIndex = 1; lastKnownFileType = sourcecode.swift; path = LMMiniAppIntents.swift; sourceTree = "<group>"; };
		4FB8A2D8A4D3E20355D49FA2 /* Pods-RunnerTests.profile.xcconfig */ = {isa = PBXFileReference; includeInIndex = 1; lastKnownFileType = text.xcconfig; name = "Pods-RunnerTests.profile.xcconfig"; path = "Target Support Files/Pods-RunnerTests/Pods-RunnerTests.profile.xcconfig"; sourceTree = "<group>"; };
		62B46FE8201447CCCA23DA19 /* Pods-Runner.release.xcconfig */ = {isa = PBXFileReference; includeInIndex = 1; lastKnownFileType = text.xcconfig; name = "Pods-Runner.release.xcconfig"; path = "Target Support Files/Pods-Runner/Pods-Runner.release.xcconfig"; sourceTree = "<group>"; };
		74858FAD1ED2DC5600515810 /* Runner-Bridging-Header.h */ = {isa = PBXFileReference; lastKnownFileType = sourcecode.c.h; path = "Runner-Bridging-Header.h"; sourceTree = "<group>"; };
		74858FAE1ED2DC5600515810 /* AppDelegate.swift */ = {isa = PBXFileReference; fileEncoding = 4; lastKnownFileType = sourcecode.swift; path = AppDelegate.swift; sourceTree = "<group>"; };
		76DBF42C23FB3BBFA04CEFFD /* OnDeviceSdBridge.swift */ = {isa = PBXFileReference; includeInIndex = 1; lastKnownFileType = sourcecode.swift; path = OnDeviceSdBridge.swift; sourceTree = "<group>"; };
		7AFA3C8E1D35360C0083082E /* Release.xcconfig */ = {isa = PBXFileReference; lastKnownFileType = text.xcconfig; name = Release.xcconfig; path = Flutter/Release.xcconfig; sourceTree = "<group>"; };
		9740EEB21CF90195004384FC /* Debug.xcconfig */ = {isa = PBXFileReference; fileEncoding = 4; lastKnownFileType = text.xcconfig; name = Debug.xcconfig; path = Flutter/Debug.xcconfig; sourceTree = "<group>"; };
		9740EEB31CF90195004384FC /* Generated.xcconfig */ = {isa = PBXFileReference; fileEncoding = 4; lastKnownFileType = text.xcconfig; name = Generated.xcconfig; path = Flutter/Generated.xcconfig; sourceTree = "<group>"; };
		97C146EE1CF9000F007C117D /* Runner.app */ = {isa = PBXFileReference; explicitFileType = wrapper.application; includeInIndex = 0; path = Runner.app; sourceTree = BUILT_PRODUCTS_DIR; };
		97C146FB1CF9000F007C117D /* Base */ = {isa = PBXFileReference; lastKnownFileType = file.storyboard; name = Base; path = Base.lproj/Main.storyboard; sourceTree = "<group>"; };
		97C146FD1CF9000F007C117D /* Assets.xcassets */ = {isa = PBXFileReference; lastKnownFileType = folder.assetcatalog; path = Assets.xcassets; sourceTree = "<group>"; };
		97C147001CF9000F007C117D /* Base */ = {isa = PBXFileReference; lastKnownFileType = file.storyboard; name = Base; path = Base.lproj/LaunchScreen.storyboard; sourceTree = "<group>"; };
		97C147021CF9000F007C117D /* Info.plist */ = {isa = PBXFileReference; lastKnownFileType = text.plist.xml; path = Info.plist; sourceTree = "<group>"; };
		9C8DA91EEC8D3A2871A9C51E /* GoogleService-Info.plist */ = {isa = PBXFileReference; includeInIndex = 1; lastKnownFileType = text.plist.xml; name = "GoogleService-Info.plist"; path = "Runner/GoogleService-Info.plist"; sourceTree = "<group>"; };
		A11B22C33D44E55001110002 /* LMMiniWatch.app */ = {isa = PBXFileReference; explicitFileType = wrapper.application; includeInIndex = 0; path = LMMiniWatch.app; sourceTree = BUILT_PRODUCTS_DIR; };
		A11B22C33D44E55001110010 /* WatchPhoneBridge.swift */ = {isa = PBXFileReference; fileEncoding = 4; lastKnownFileType = sourcecode.swift; path = WatchPhoneBridge.swift; sourceTree = "<group>"; };
		A11B22C33D44E55001110020 /* Watch.xcconfig */ = {isa = PBXFileReference; lastKnownFileType = text.xcconfig; name = Watch.xcconfig; path = Flutter/Watch.xcconfig; sourceTree = "<group>"; };
		A1B2C3D4E5F600000000A000 /* MLXBridge.swift */ = {isa = PBXFileReference; fileEncoding = 4; lastKnownFileType = sourcecode.swift; path = MLXBridge.swift; sourceTree = "<group>"; };
		B251750A16AEA78F12D71101 /* Pods-Runner.profile.xcconfig */ = {isa = PBXFileReference; includeInIndex = 1; lastKnownFileType = text.xcconfig; name = "Pods-Runner.profile.xcconfig"; path = "Target Support Files/Pods-Runner/Pods-Runner.profile.xcconfig"; sourceTree = "<group>"; };
		B2C3D4E5F600000000000000 /* BackgroundDownloadManager.swift */ = {isa = PBXFileReference; fileEncoding = 4; lastKnownFileType = sourcecode.swift; path = BackgroundDownloadManager.swift; sourceTree = "<group>"; };
		C0D1FEF82F1443E2005C0415 /* LMWidgetExtensionExtension.appex */ = {isa = PBXFileReference; explicitFileType = "wrapper.app-extension"; includeInIndex = 0; path = LMWidgetExtensionExtension.appex; sourceTree = BUILT_PRODUCTS_DIR; };
		C0D1FEF92F1443E2005C0415 /* WidgetKit.framework */ = {isa = PBXFileReference; lastKnownFileType = wrapper.framework; name = WidgetKit.framework; path = System/Library/Frameworks/WidgetKit.framework; sourceTree = SDKROOT; };
		C0D1FEFB2F1443E2005C0415 /* SwiftUI.framework */ = {isa = PBXFileReference; lastKnownFileType = wrapper.framework; name = SwiftUI.framework; path = System/Library/Frameworks/SwiftUI.framework; sourceTree = SDKROOT; };
		C0D1FF1C2F1445A6005C0415 /* Runner.entitlements */ = {isa = PBXFileReference; lastKnownFileType = text.plist.entitlements; path = Runner.entitlements; sourceTree = "<group>"; };
		C0D1FF1D2F1445D6005C0415 /* LMWidgetExtensionExtension.entitlements */ = {isa = PBXFileReference; lastKnownFileType = text.plist.entitlements; path = LMWidgetExtensionExtension.entitlements; sourceTree = "<group>"; };
		C1A2B3C4D5E6F70809101112 /* LanHostnameLookup.swift */ = {isa = PBXFileReference; fileEncoding = 4; lastKnownFileType = sourcecode.swift; path = LanHostnameLookup.swift; sourceTree = "<group>"; };
		D05A924477DC39AC3E51B97E /* Pods-Runner.debug.xcconfig */ = {isa = PBXFileReference; includeInIndex = 1; lastKnownFileType = text.xcconfig; name = "Pods-Runner.debug.xcconfig"; path = "Target Support Files/Pods-Runner/Pods-Runner.debug.xcconfig"; sourceTree = "<group>"; };
		D7B2E8A91C3344F0B1A90001 /* LMMiniSiriBridge.swift */ = {isa = PBXFileReference; fileEncoding = 4; lastKnownFileType = sourcecode.swift; path = LMMiniSiriBridge.swift; sourceTree = "<group>"; };
		E4DF95BF2D5EC43CC4419853 /* Pods_Runner.framework */ = {isa = PBXFileReference; explicitFileType = wrapper.framework; includeInIndex = 0; path = Pods_Runner.framework; sourceTree = BUILT_PRODUCTS_DIR; };
		E8A1B2C3D4E500000000B000 /* MoeStreamBridge.swift */ = {isa = PBXFileReference; fileEncoding = 4; lastKnownFileType = sourcecode.swift; path = MoeStreamBridge.swift; sourceTree = "<group>"; };
		E8A1B2C3D4E500000000B002 /* moe_stream_engine.mm */ = {isa = PBXFileReference; fileEncoding = 4; lastKnownFileType = sourcecode.cpp.objcpp; path = moe_stream_engine.mm; sourceTree = "<group>"; };
		E8A1B2C3D4E500000000B004 /* moe_stream_c_api.h */ = {isa = PBXFileReference; fileEncoding = 4; lastKnownFileType = sourcecode.c.h; path = moe_stream_c_api.h; sourceTree = "<group>"; };
		F95B9A9493DFDE5F2CACFC30 /* Pods-RunnerTests.release.xcconfig */ = {isa = PBXFileReference; includeInIndex = 1; lastKnownFileType = text.xcconfig; name = "Pods-RunnerTests.release.xcconfig"; path = "Target Support Files/Pods-RunnerTests/Pods-RunnerTests.release.xcconfig"; sourceTree = "<group>"; };
/* End PBXFileReference section */

/* Begin PBXFileSystemSynchronizedBuildFileExceptionSet section */
		A11B22C33D44E55001110004 /* Exceptions for "LMMiniWatch" folder in "LMMiniWatch" target */ = {
			isa = PBXFileSystemSynchronizedBuildFileExceptionSet;
			membershipExceptions = (
				Info.plist,
			);
			target = A11B22C33D44E55001110001 /* LMMiniWatch */;
		};
		C0D1FF102F1443E3005C0415 /* Exceptions for "LMWidgetExtension" folder in "LMWidgetExtensionExtension" target */ = {
			isa = PBXFileSystemSynchronizedBuildFileExceptionSet;
			membershipExceptions = (
				Info.plist,
			);
			target = C0D1FEF72F1443E2005C0415 /* LMWidgetExtensionExtension */;
		};
/* End PBXFileSystemSynchronizedBuildFileExceptionSet section */

/* Begin PBXFileSystemSynchronizedRootGroup section */
		A11B22C33D44E55001110003 /* LMMiniWatch */ = {
			isa = PBXFileSystemSynchronizedRootGroup;
			exceptions = (
				A11B22C33D44E55001110004 /* Exceptions for "LMMiniWatch" folder in "LMMiniWatch" target */,
			);
			explicitFileTypes = {
			};
			explicitFolders = (
			);
			path = LMMiniWatch;
			sourceTree = "<group>";
		};
		C0D1FEFD2F1443E2005C0415 /* LMWidgetExtension */ = {
			isa = PBXFileSystemSynchronizedRootGroup;
			exceptions = (
				C0D1FF102F1443E3005C0415 /* Exceptions for "LMWidgetExtension" folder in "LMWidgetExtensionExtension" target */,
			);
			explicitFileTypes = {
			};
			explicitFolders = (
			);
			path = LMWidgetExtension;
			sourceTree = "<group>";
		};
/* End PBXFileSystemSynchronizedRootGroup section */

/* Begin PBXFrameworksBuildPhase section */
		97C146EB1CF9000F007C117D /* Frameworks */ = {
			isa = PBXFrameworksBuildPhase;
			buildActionMask = 2147483647;
			files = (
				368DAD565BF5EA320822DE03 /* Pods_Runner.framework in Frameworks */,
				C5275DF8E4EBCE3C79A08EDC /* MLX in Frameworks */,
				DF22FFAC8B22492DD4B15B17 /* MLXNN in Frameworks */,
				4CFDDD203F82480D3ADAD134 /* MLXRandom in Frameworks */,
				F9058484BE39A89E50F09A42 /* MLXFast in Frameworks */,
				F3F6141FF83B3E48F50B9E72 /* MLXLLM in Frameworks */,
				3FF2C1798059D69782103AAF /* MLXLMCommon in Frameworks */,
				D20B12C4DD213790C429E6BC /* CoreMLStableDiffusion in Frameworks */,
			);
			runOnlyForDeploymentPostprocessing = 0;
		};
		A11B22C33D44E55001110006 /* Frameworks */ = {
			isa = PBXFrameworksBuildPhase;
			buildActionMask = 2147483647;
			files = (
			);
			runOnlyForDeploymentPostprocessing = 0;
		};
		C0D1FEF52F1443E2005C0415 /* Frameworks */ = {
			isa = PBXFrameworksBuildPhase;
			buildActionMask = 2147483647;
			files = (
				C0D1FEFC2F1443E2005C0415 /* SwiftUI.framework in Frameworks */,
				C0D1FEFA2F1443E2005C0415 /* WidgetKit.framework in Frameworks */,
			);
			runOnlyForDeploymentPostprocessing = 0;
		};
		E01B57674CD9AE48BEB41B26 /* Frameworks */ = {
			isa = PBXFrameworksBuildPhase;
			buildActionMask = 2147483647;
			files = (
				A0A9ADD530E3BB60CE37D22F /* Pods_RunnerTests.framework in Frameworks */,
			);
			runOnlyForDeploymentPostprocessing = 0;
		};
/* End PBXFrameworksBuildPhase section */

/* Begin PBXGroup section */
		331C8082294A63A400263BE5 /* RunnerTests */ = {
			isa = PBXGroup;
			children = (
				331C807B294A618700263BE5 /* RunnerTests.swift */,
			);
			path = RunnerTests;
			sourceTree = "<group>";
		};
		59585F16CCE1799ACF6D3AC9 /* Pods */ = {
			isa = PBXGroup;
			children = (
				D05A924477DC39AC3E51B97E /* Pods-Runner.debug.xcconfig */,
				62B46FE8201447CCCA23DA19 /* Pods-Runner.release.xcconfig */,
				B251750A16AEA78F12D71101 /* Pods-Runner.profile.xcconfig */,
				3F987C56FE33D32F74169927 /* Pods-RunnerTests.debug.xcconfig */,
				F95B9A9493DFDE5F2CACFC30 /* Pods-RunnerTests.release.xcconfig */,
				4FB8A2D8A4D3E20355D49FA2 /* Pods-RunnerTests.profile.xcconfig */,
			);
			path = Pods;
			sourceTree = "<group>";
		};
		9740EEB11CF90186004384FC /* Flutter */ = {
			isa = PBXGroup;
			children = (
				3B3967151E833CAA004F5970 /* AppFrameworkInfo.plist */,
				9740EEB21CF90195004384FC /* Debug.xcconfig */,
				7AFA3C8E1D35360C0083082E /* Release.xcconfig */,
				9740EEB31CF90195004384FC /* Generated.xcconfig */,
				A11B22C33D44E55001110020 /* Watch.xcconfig */,
			);
			name = Flutter;
			sourceTree = "<group>";
		};
		97C146E51CF9000F007C117D = {
			isa = PBXGroup;
			children = (
				C0D1FF1D2F1445D6005C0415 /* LMWidgetExtensionExtension.entitlements */,
				9740EEB11CF90186004384FC /* Flutter */,
				97C146F01CF9000F007C117D /* Runner */,
				C0D1FEFD2F1443E2005C0415 /* LMWidgetExtension */,
				A11B22C33D44E55001110003 /* LMMiniWatch */,
				97C146EF1CF9000F007C117D /* Products */,
				331C8082294A63A400263BE5 /* RunnerTests */,
				59585F16CCE1799ACF6D3AC9 /* Pods */,
				AD04262A0C336A5A391239C7 /* Frameworks */,
				9C8DA91EEC8D3A2871A9C51E /* GoogleService-Info.plist */,
			);
			sourceTree = "<group>";
		};
		97C146EF1CF9000F007C117D /* Products */ = {
			isa = PBXGroup;
			children = (
				97C146EE1CF9000F007C117D /* Runner.app */,
				331C8081294A63A400263BE5 /* RunnerTests.xctest */,
				C0D1FEF82F1443E2005C0415 /* LMWidgetExtensionExtension.appex */,
				A11B22C33D44E55001110002 /* LMMiniWatch.app */,
			);
			name = Products;
			sourceTree = "<group>";
		};
		97C146F01CF9000F007C117D /* Runner */ = {
			isa = PBXGroup;
			children = (
				C0D1FF1C2F1445A6005C0415 /* Runner.entitlements */,
				97C146FA1CF9000F007C117D /* Main.storyboard */,
				97C146FD1CF9000F007C117D /* Assets.xcassets */,
				97C146FF1CF9000F007C117D /* LaunchScreen.storyboard */,
				97C147021CF9000F007C117D /* Info.plist */,
				1498D2321E8E86230040F4C2 /* GeneratedPluginRegistrant.h */,
				1498D2331E8E89220040F4C2 /* GeneratedPluginRegistrant.m */,
				74858FAE1ED2DC5600515810 /* AppDelegate.swift */,
				B2C3D4E5F600000000000000 /* BackgroundDownloadManager.swift */,
				C1A2B3C4D5E6F70809101112 /* LanHostnameLookup.swift */,
				A1B2C3D4E5F600000000A000 /* MLXBridge.swift */,
				74858FAD1ED2DC5600515810 /* Runner-Bridging-Header.h */,
				4B790B2FBD2656B40A3FFF2E /* LMMiniAppIntents.swift */,
				D7B2E8A91C3344F0B1A90001 /* LMMiniSiriBridge.swift */,
				E8A1B2C3D4E500000000B000 /* MoeStreamBridge.swift */,
				E8A1B2C3D4E500000000B002 /* moe_stream_engine.mm */,
				E8A1B2C3D4E500000000B004 /* moe_stream_c_api.h */,
				76DBF42C23FB3BBFA04CEFFD /* OnDeviceSdBridge.swift */,
				A11B22C33D44E55001110010 /* WatchPhoneBridge.swift */,
			);
			path = Runner;
			sourceTree = "<group>";
		};
		AD04262A0C336A5A391239C7 /* Frameworks */ = {
			isa = PBXGroup;
			children = (
				E4DF95BF2D5EC43CC4419853 /* Pods_Runner.framework */,
				2B4061C3B86F955A3157E239 /* Pods_RunnerTests.framework */,
				C0D1FEF92F1443E2005C0415 /* WidgetKit.framework */,
				C0D1FEFB2F1443E2005C0415 /* SwiftUI.framework */,
			);
			name = Frameworks;
			sourceTree = "<group>";
		};
/* End PBXGroup section */

/* Begin PBXNativeTarget section */
		331C8080294A63A400263BE5 /* RunnerTests */ = {
			isa = PBXNativeTarget;
			buildConfigurationList = 331C8087294A63A400263BE5 /* Build configuration list for PBXNativeTarget "RunnerTests" */;
			buildPhases = (
				5D017936096994381E3163B6 /* [CP] Check Pods Manifest.lock */,
				331C807D294A63A400263BE5 /* Sources */,
				331C807F294A63A400263BE5 /* Resources */,
				E01B57674CD9AE48BEB41B26 /* Frameworks */,
			);
			buildRules = (
			);
			dependencies = (
				331C8086294A63A400263BE5 /* PBXTargetDependency */,
			);
			name = RunnerTests;
			productName = RunnerTests;
			productReference = 331C8081294A63A400263BE5 /* RunnerTests.xctest */;
			productType = "com.apple.product-type.bundle.unit-test";
		};
		97C146ED1CF9000F007C117D /* Runner */ = {
			isa = PBXNativeTarget;
			buildConfigurationList = 97C147051CF9000F007C117D /* Build configuration list for PBXNativeTarget "Runner" */;
			buildPhases = (
				C9243FA05A84E7CF9090B8EC /* [CP] Check Pods Manifest.lock */,
				1747305AE5449DDA10B2AF47 /* Retag ML Kit for the arm64 simulator */,
				9740EEB61CF901F6004384FC /* Run Script */,
				97C146EA1CF9000F007C117D /* Sources */,
				97C146EB1CF9000F007C117D /* Frameworks */,
				97C146EC1CF9000F007C117D /* Resources */,
				9705A1C41CF9048500538489 /* Embed Frameworks */,
				10C95DDFE0477B56930F7586 /* [CP] Copy Pods Resources */,
				C0D1FF0C2F1443E3005C0415 /* Embed Foundation Extensions */,
				A11B22C33D44E5500111000C /* Embed Watch Content */,
				3B06AD1E1E4923F5004D2608 /* Thin Binary */,
				830A54E09EDC866F719B11E9 /* [CP] Embed Pods Frameworks */,
				DDD1A3ED92E15390CE40E2D0 /* Strip simulator slices from embedded frameworks */,
			);
			buildRules = (
			);
			dependencies = (
				C0D1FF0A2F1443E3005C0415 /* PBXTargetDependency */,
				A11B22C33D44E5500111000E /* PBXTargetDependency */,
			);
			name = Runner;
			packageProductDependencies = (
				AADE0367C8757AD700303DB1 /* MLX */,
				394C69194AB81EF4ED66C7AE /* MLXNN */,
				9E629C3EE8B6C9DD9BA0BBAF /* MLXRandom */,
				EE4CB2F97797287B82085540 /* MLXFast */,
				DAEE13A6599A359869707531 /* MLXLLM */,
				013A30403124B221C713E0FF /* MLXLMCommon */,
				0F1EA3167C56A84574F9B876 /* CoreMLStableDiffusion */,
			);
			productName = Runner;
			productReference = 97C146EE1CF9000F007C117D /* Runner.app */;
			productType = "com.apple.product-type.application";
		};
		A11B22C33D44E55001110001 /* LMMiniWatch */ = {
			isa = PBXNativeTarget;
			buildConfigurationList = A11B22C33D44E55001110008 /* Build configuration list for PBXNativeTarget "LMMiniWatch" */;
			buildPhases = (
				A11B22C33D44E55001110005 /* Sources */,
				A11B22C33D44E55001110006 /* Frameworks */,
				A11B22C33D44E55001110007 /* Resources */,
			);
			buildRules = (
			);
			dependencies = (
			);
			fileSystemSynchronizedGroups = (
				A11B22C33D44E55001110003 /* LMMiniWatch */,
			);
			name = LMMiniWatch;
			productName = LMMiniWatch;
			productReference = A11B22C33D44E55001110002 /* LMMiniWatch.app */;
			productType = "com.apple.product-type.application";
		};
		C0D1FEF72F1443E2005C0415 /* LMWidgetExtensionExtension */ = {
			isa = PBXNativeTarget;
			buildConfigurationList = C0D1FF112F1443E3005C0415 /* Build configuration list for PBXNativeTarget "LMWidgetExtensionExtension" */;
			buildPhases = (
				C0D1FEF42F1443E2005C0415 /* Sources */,
				C0D1FEF52F1443E2005C0415 /* Frameworks */,
				C0D1FEF62F1443E2005C0415 /* Resources */,
			);
			buildRules = (
			);
			dependencies = (
			);
			fileSystemSynchronizedGroups = (
				C0D1FEFD2F1443E2005C0415 /* LMWidgetExtension */,
			);
			name = LMWidgetExtensionExtension;
			productName = LMWidgetExtensionExtension;
			productReference = C0D1FEF82F1443E2005C0415 /* LMWidgetExtensionExtension.appex */;
			productType = "com.apple.product-type.app-extension";
		};
/* End PBXNativeTarget section */

/* Begin PBXProject section */
		97C146E61CF9000F007C117D /* Project object */ = {
			isa = PBXProject;
			attributes = {
				BuildIndependentTargetsInParallel = YES;
				LastSwiftUpdateCheck = 2620;
				LastUpgradeCheck = 1510;
				ORGANIZATIONNAME = "";
				TargetAttributes = {
					331C8080294A63A400263BE5 = {
						CreatedOnToolsVersion = 14.0;
						TestTargetID = 97C146ED1CF9000F007C117D;
					};
					97C146ED1CF9000F007C117D = {
						CreatedOnToolsVersion = 7.3.1;
						LastSwiftMigration = 1100;
					};
					A11B22C33D44E55001110001 = {
						CreatedOnToolsVersion = 26.2;
					};
					C0D1FEF72F1443E2005C0415 = {
						CreatedOnToolsVersion = 26.2;
					};
				};
			};
			buildConfigurationList = 97C146E91CF9000F007C117D /* Build configuration list for PBXProject "Runner" */;
			compatibilityVersion = "Xcode 9.3";
			developmentRegion = en;
			hasScannedForEncodings = 0;
			knownRegions = (
				en,
				Base,
			);
			mainGroup = 97C146E51CF9000F007C117D;
			packageReferences = (
				0F08F553CD5747D5EB326007 /* XCRemoteSwiftPackageReference "mlx-swift" */,
				5E3534C8B1B5E933EDF2B090 /* XCRemoteSwiftPackageReference "mlx-swift-examples" */,
				81F2CD3F858E1725E3B7BD4F /* XCLocalSwiftPackageReference "CoreMLStableDiffusion" */,
			);
			productRefGroup = 97C146EF1CF9000F007C117D /* Products */;
			projectDirPath = "";
			projectRoot = "";
			targets = (
				97C146ED1CF9000F007C117D /* Runner */,
				331C8080294A63A400263BE5 /* RunnerTests */,
				C0D1FEF72F1443E2005C0415 /* LMWidgetExtensionExtension */,
				A11B22C33D44E55001110001 /* LMMiniWatch */,
			);
		};
/* End PBXProject section */

/* Begin PBXResourcesBuildPhase section */
		331C807F294A63A400263BE5 /* Resources */ = {
			isa = PBXResourcesBuildPhase;
			buildActionMask = 2147483647;
			files = (
			);
			runOnlyForDeploymentPostprocessing = 0;
		};
		97C146EC1CF9000F007C117D /* Resources */ = {
			isa = PBXResourcesBuildPhase;
			buildActionMask = 2147483647;
			files = (
				97C147011CF9000F007C117D /* LaunchScreen.storyboard in Resources */,
				3B3967161E833CAA004F5970 /* AppFrameworkInfo.plist in Resources */,
				97C146FE1CF9000F007C117D /* Assets.xcassets in Resources */,
				97C146FC1CF9000F007C117D /* Main.storyboard in Resources */,
				EBEC09C8094DC735CEF33435 /* GoogleService-Info.plist in Resources */,
			);
			runOnlyForDeploymentPostprocessing = 0;
		};
		A11B22C33D44E55001110007 /* Resources */ = {
			isa = PBXResourcesBuildPhase;
			buildActionMask = 2147483647;
			files = (
			);
			runOnlyForDeploymentPostprocessing = 0;
		};
		C0D1FEF62F1443E2005C0415 /* Resources */ = {
			isa = PBXResourcesBuildPhase;
			buildActionMask = 2147483647;
			files = (
			);
			runOnlyForDeploymentPostprocessing = 0;
		};
/* End PBXResourcesBuildPhase section */

/* Begin PBXShellScriptBuildPhase section */
		10C95DDFE0477B56930F7586 /* [CP] Copy Pods Resources */ = {
			isa = PBXShellScriptBuildPhase;
			buildActionMask = 2147483647;
			files = (
			);
			inputFileListPaths = (
				"${PODS_ROOT}/Target Support Files/Pods-Runner/Pods-Runner-resources-${CONFIGURATION}-input-files.xcfilelist",
			);
			name = "[CP] Copy Pods Resources";
			outputFileListPaths = (
				"${PODS_ROOT}/Target Support Files/Pods-Runner/Pods-Runner-resources-${CONFIGURATION}-output-files.xcfilelist",
			);
			runOnlyForDeploymentPostprocessing = 0;
			shellPath = /bin/sh;
			shellScript = "\"${PODS_ROOT}/Target Support Files/Pods-Runner/Pods-Runner-resources.sh\"\n";
			showEnvVarsInLog = 0;
		};
		1747305AE5449DDA10B2AF47 /* Retag ML Kit for the arm64 simulator */ = {
			isa = PBXShellScriptBuildPhase;
			buildActionMask = 2147483647;
			files = (
			);
			inputFileListPaths = (
			);
			inputPaths = (
				"$(SRCROOT)/scripts/retag_mlkit_simulator.py",
			);
			name = "Retag ML Kit for the arm64 simulator";
			outputFileListPaths = (
			);
			outputPaths = (
			);
			runOnlyForDeploymentPostprocessing = 0;
			shellPath = /bin/sh;
			shellScript = "python3 \"${SRCROOT}/scripts/retag_mlkit_simulator.py\"";
		};
		3B06AD1E1E4923F5004D2608 /* Thin Binary */ = {
			isa = PBXShellScriptBuildPhase;
			alwaysOutOfDate = 1;
			buildActionMask = 2147483647;
			files = (
			);
			inputPaths = (
				"${TARGET_BUILD_DIR}/${INFOPLIST_PATH}",
			);
			name = "Thin Binary";
			outputPaths = (
			);
			runOnlyForDeploymentPostprocessing = 0;
			shellPath = /bin/sh;
			shellScript = "/bin/sh \"$FLUTTER_ROOT/packages/flutter_tools/bin/xcode_backend.sh\" embed_and_thin";
		};
		5D017936096994381E3163B6 /* [CP] Check Pods Manifest.lock */ = {
			isa = PBXShellScriptBuildPhase;
			buildActionMask = 2147483647;
			files = (
			);
			inputFileListPaths = (
			);
			inputPaths = (
				"${PODS_PODFILE_DIR_PATH}/Podfile.lock",
				"${PODS_ROOT}/Manifest.lock",
			);
			name = "[CP] Check Pods Manifest.lock";
			outputFileListPaths = (
			);
			outputPaths = (
				"$(DERIVED_FILE_DIR)/Pods-RunnerTests-checkManifestLockResult.txt",
			);
			runOnlyForDeploymentPostprocessing = 0;
			shellPath = /bin/sh;
			shellScript = "diff \"${PODS_PODFILE_DIR_PATH}/Podfile.lock\" \"${PODS_ROOT}/Manifest.lock\" > /dev/null\nif [ $? != 0 ] ; then\n    # print error to STDERR\n    echo \"error: The sandbox is not in sync with the Podfile.lock. Run 'pod install' or update your CocoaPods installation.\" >&2\n    exit 1\nfi\n# This output is used by Xcode 'outputs' to avoid re-running this script phase.\necho \"SUCCESS\" > \"${SCRIPT_OUTPUT_FILE_0}\"\n";
			showEnvVarsInLog = 0;
		};
		830A54E09EDC866F719B11E9 /* [CP] Embed Pods Frameworks */ = {
			isa = PBXShellScriptBuildPhase;
			buildActionMask = 2147483647;
			files = (
			);
			inputFileListPaths = (
				"${PODS_ROOT}/Target Support Files/Pods-Runner/Pods-Runner-frameworks-${CONFIGURATION}-input-files.xcfilelist",
			);
			name = "[CP] Embed Pods Frameworks";
			outputFileListPaths = (
				"${PODS_ROOT}/Target Support Files/Pods-Runner/Pods-Runner-frameworks-${CONFIGURATION}-output-files.xcfilelist",
			);
			runOnlyForDeploymentPostprocessing = 0;
			shellPath = /bin/sh;
			shellScript = "\"${PODS_ROOT}/Target Support Files/Pods-Runner/Pods-Runner-frameworks.sh\"\n";
			showEnvVarsInLog = 0;
		};
		9740EEB61CF901F6004384FC /* Run Script */ = {
			isa = PBXShellScriptBuildPhase;
			alwaysOutOfDate = 1;
			buildActionMask = 2147483647;
			files = (
			);
			inputPaths = (
			);
			name = "Run Script";
			outputPaths = (
			);
			runOnlyForDeploymentPostprocessing = 0;
			shellPath = /bin/sh;
			shellScript = "/bin/sh \"$FLUTTER_ROOT/packages/flutter_tools/bin/xcode_backend.sh\" build";
		};
		C9243FA05A84E7CF9090B8EC /* [CP] Check Pods Manifest.lock */ = {
			isa = PBXShellScriptBuildPhase;
			buildActionMask = 2147483647;
			files = (
			);
			inputFileListPaths = (
			);
			inputPaths = (
				"${PODS_PODFILE_DIR_PATH}/Podfile.lock",
				"${PODS_ROOT}/Manifest.lock",
			);
			name = "[CP] Check Pods Manifest.lock";
			outputFileListPaths = (
			);
			outputPaths = (
				"$(DERIVED_FILE_DIR)/Pods-Runner-checkManifestLockResult.txt",
			);
			runOnlyForDeploymentPostprocessing = 0;
			shellPath = /bin/sh;
			shellScript = "diff \"${PODS_PODFILE_DIR_PATH}/Podfile.lock\" \"${PODS_ROOT}/Manifest.lock\" > /dev/null\nif [ $? != 0 ] ; then\n    # print error to STDERR\n    echo \"error: The sandbox is not in sync with the Podfile.lock. Run 'pod install' or update your CocoaPods installation.\" >&2\n    exit 1\nfi\n# This output is used by Xcode 'outputs' to avoid re-running this script phase.\necho \"SUCCESS\" > \"${SCRIPT_OUTPUT_FILE_0}\"\n";
			showEnvVarsInLog = 0;
		};
		DDD1A3ED92E15390CE40E2D0 /* Strip simulator slices from embedded frameworks */ = {
			isa = PBXShellScriptBuildPhase;
			buildActionMask = 2147483647;
			files = (
			);
			inputFileListPaths = (
			);
			inputPaths = (
				"$(SRCROOT)/scripts/strip_simulator_slices.sh",
			);
			name = "Strip simulator slices from embedded frameworks";
			outputFileListPaths = (
			);
			outputPaths = (
			);
			runOnlyForDeploymentPostprocessing = 0;
			shellPath = /bin/sh;
			shellScript = "\"${SRCROOT}/scripts/strip_simulator_slices.sh\"";
		};
/* End PBXShellScriptBuildPhase section */

/* Begin PBXSourcesBuildPhase section */
		331C807D294A63A400263BE5 /* Sources */ = {
			isa = PBXSourcesBuildPhase;
			buildActionMask = 2147483647;
			files = (
				331C808B294A63AB00263BE5 /* RunnerTests.swift in Sources */,
			);
			runOnlyForDeploymentPostprocessing = 0;
		};
		97C146EA1CF9000F007C117D /* Sources */ = {
			isa = PBXSourcesBuildPhase;
			buildActionMask = 2147483647;
			files = (
				74858FAF1ED2DC5600515810 /* AppDelegate.swift in Sources */,
				B2C3D4E5F600000000000001 /* BackgroundDownloadManager.swift in Sources */,
				C1A2B3C4D5E6F70809101113 /* LanHostnameLookup.swift in Sources */,
				A1B2C3D4E5F600000000A001 /* MLXBridge.swift in Sources */,
				1498D2341E8E89220040F4C2 /* GeneratedPluginRegistrant.m in Sources */,
				55DB17426CA39E2BF1865232 /* LMMiniAppIntents.swift in Sources */,
				D7B2E8A91C3344F0B1A90002 /* LMMiniSiriBridge.swift in Sources */,
				E8A1B2C3D4E500000000B001 /* MoeStreamBridge.swift in Sources */,
				E8A1B2C3D4E500000000B003 /* moe_stream_engine.mm in Sources */,
				F1354702C0BE79124E3AED43 /* OnDeviceSdBridge.swift in Sources */,
				A11B22C33D44E55001110011 /* WatchPhoneBridge.swift in Sources */,
			);
			runOnlyForDeploymentPostprocessing = 0;
		};
		A11B22C33D44E55001110005 /* Sources */ = {
			isa = PBXSourcesBuildPhase;
			buildActionMask = 2147483647;
			files = (
			);
			runOnlyForDeploymentPostprocessing = 0;
		};
		C0D1FEF42F1443E2005C0415 /* Sources */ = {
			isa = PBXSourcesBuildPhase;
			buildActionMask = 2147483647;
			files = (
			);
			runOnlyForDeploymentPostprocessing = 0;
		};
/* End PBXSourcesBuildPhase section */

/* Begin PBXTargetDependency section */
		331C8086294A63A400263BE5 /* PBXTargetDependency */ = {
			isa = PBXTargetDependency;
			target = 97C146ED1CF9000F007C117D /* Runner */;
			targetProxy = 331C8085294A63A400263BE5 /* PBXContainerItemProxy */;
		};
		A11B22C33D44E5500111000E /* PBXTargetDependency */ = {
			isa = PBXTargetDependency;
			target = A11B22C33D44E55001110001 /* LMMiniWatch */;
			targetProxy = A11B22C33D44E5500111000F /* PBXContainerItemProxy */;
		};
		C0D1FF0A2F1443E3005C0415 /* PBXTargetDependency */ = {
			isa = PBXTargetDependency;
			target = C0D1FEF72F1443E2005C0415 /* LMWidgetExtensionExtension */;
			targetProxy = C0D1FF092F1443E3005C0415 /* PBXContainerItemProxy */;
		};
/* End PBXTargetDependency section */

/* Begin PBXVariantGroup section */
		97C146FA1CF9000F007C117D /* Main.storyboard */ = {
			isa = PBXVariantGroup;
			children = (
				97C146FB1CF9000F007C117D /* Base */,
			);
			name = Main.storyboard;
			sourceTree = "<group>";
		};
		97C146FF1CF9000F007C117D /* LaunchScreen.storyboard */ = {
			isa = PBXVariantGroup;
			children = (
				97C147001CF9000F007C117D /* Base */,
			);
			name = LaunchScreen.storyboard;
			sourceTree = "<group>";
		};
/* End PBXVariantGroup section */

/* Begin XCBuildConfiguration section */
		249021D3217E4FDB00AE95B9 /* Profile */ = {
			isa = XCBuildConfiguration;
			buildSettings = {
				ALWAYS_SEARCH_USER_PATHS = NO;
				ASSETCATALOG_COMPILER_GENERATE_SWIFT_ASSET_SYMBOL_EXTENSIONS = YES;
				CLANG_ANALYZER_NONNULL = YES;
				CLANG_CXX_LANGUAGE_STANDARD = "gnu++0x";
				CLANG_CXX_LIBRARY = "libc++";
				CLANG_ENABLE_MODULES = YES;
				CLANG_ENABLE_OBJC_ARC = YES;
				CLANG_WARN_BLOCK_CAPTURE_AUTORELEASING = YES;
				CLANG_WARN_BOOL_CONVERSION = YES;
				CLANG_WARN_COMMA = YES;
				CLANG_WARN_CONSTANT_CONVERSION = YES;
				CLANG_WARN_DEPRECATED_OBJC_IMPLEMENTATIONS = YES;
				CLANG_WARN_DIRECT_OBJC_ISA_USAGE = YES_ERROR;
				CLANG_WARN_EMPTY_BODY = YES;
				CLANG_WARN_ENUM_CONVERSION = YES;
				CLANG_WARN_INFINITE_RECURSION = YES;
				CLANG_WARN_INT_CONVERSION = YES;
				CLANG_WARN_NON_LITERAL_NULL_CONVERSION = YES;
				CLANG_WARN_OBJC_IMPLICIT_RETAIN_SELF = YES;
				CLANG_WARN_OBJC_LITERAL_CONVERSION = YES;
				CLANG_WARN_OBJC_ROOT_CLASS = YES_ERROR;
				CLANG_WARN_RANGE_LOOP_ANALYSIS = YES;
				CLANG_WARN_STRICT_PROTOTYPES = YES;
				CLANG_WARN_SUSPICIOUS_MOVE = YES;
				CLANG_WARN_UNREACHABLE_CODE = YES;
				CLANG_WARN__DUPLICATE_METHOD_MATCH = YES;
				"CODE_SIGN_IDENTITY[sdk=iphoneos*]" = "iPhone Developer";
				COPY_PHASE_STRIP = NO;
				DEBUG_INFORMATION_FORMAT = "dwarf-with-dsym";
				ENABLE_NS_ASSERTIONS = NO;
				ENABLE_STRICT_OBJC_MSGSEND = YES;
				ENABLE_USER_SCRIPT_SANDBOXING = NO;
				GCC_C_LANGUAGE_STANDARD = gnu99;
				GCC_NO_COMMON_BLOCKS = YES;
				GCC_WARN_64_TO_32_BIT_CONVERSION = YES;
				GCC_WARN_ABOUT_RETURN_TYPE = YES_ERROR;
				GCC_WARN_UNDECLARED_SELECTOR = YES;
				GCC_WARN_UNINITIALIZED_AUTOS = YES_AGGRESSIVE;
				GCC_WARN_UNUSED_FUNCTION = YES;
				GCC_WARN_UNUSED_VARIABLE = YES;
				IPHONEOS_DEPLOYMENT_TARGET = 16.0;
				MTL_ENABLE_DEBUG_INFO = NO;
				SDKROOT = iphoneos;
				SUPPORTED_PLATFORMS = iphoneos;
				TARGETED_DEVICE_FAMILY = "1,2";
				VALIDATE_PRODUCT = YES;
			};
			name = Profile;
		};
		249021D4217E4FDB00AE95B9 /* Profile */ = {
			isa = XCBuildConfiguration;
			baseConfigurationReference = 7AFA3C8E1D35360C0083082E /* Release.xcconfig */;
			buildSettings = {
				ASSETCATALOG_COMPILER_APPICON_NAME = AppIcon;
				CLANG_ENABLE_MODULES = YES;
				CODE_SIGN_ENTITLEMENTS = Runner/Runner.entitlements;
				CURRENT_PROJECT_VERSION = "$(FLUTTER_BUILD_NUMBER)";
				DEVELOPMENT_TEAM = 453T8Z38XL;
				ENABLE_BITCODE = NO;
				INFOPLIST_FILE = Runner/Info.plist;
				INFOPLIST_KEY_CFBundleDisplayName = "LM Mini";
				LD_RUNPATH_SEARCH_PATHS = (
					"$(inherited)",
					"@executable_path/Frameworks",
				);
				PRODUCT_BUNDLE_IDENTIFIER = net.neuro9.lmmini;
				PRODUCT_NAME = "$(TARGET_NAME)";
				SWIFT_OBJC_BRIDGING_HEADER = "Runner/Runner-Bridging-Header.h";
				SWIFT_VERSION = 5.0;
				VERSIONING_SYSTEM = "apple-generic";
			};
			name = Profile;
		};
		331C8088294A63A400263BE5 /* Debug */ = {
			isa = XCBuildConfiguration;
			baseConfigurationReference = 3F987C56FE33D32F74169927 /* Pods-RunnerTests.debug.xcconfig */;
			buildSettings = {
				BUNDLE_LOADER = "$(TEST_HOST)";
				CODE_SIGN_STYLE = Automatic;
				CURRENT_PROJECT_VERSION = 1;
				GENERATE_INFOPLIST_FILE = YES;
				MARKETING_VERSION = 1.0;
				PRODUCT_BUNDLE_IDENTIFIER = net.neuro9.lmmini.RunnerTests;
				PRODUCT_NAME = "$(TARGET_NAME)";
				SWIFT_ACTIVE_COMPILATION_CONDITIONS = DEBUG;
				SWIFT_OPTIMIZATION_LEVEL = "-Onone";
				SWIFT_VERSION = 5.0;
				TEST_HOST = "$(BUILT_PRODUCTS_DIR)/Runner.app/$(BUNDLE_EXECUTABLE_FOLDER_PATH)/Runner";
			};
			name = Debug;
		};
		331C8089294A63A400263BE5 /* Release */ = {
			isa = XCBuildConfiguration;
			baseConfigurationReference = F95B9A9493DFDE5F2CACFC30 /* Pods-RunnerTests.release.xcconfig */;
			buildSettings = {
				BUNDLE_LOADER = "$(TEST_HOST)";
				CODE_SIGN_STYLE = Automatic;
				CURRENT_PROJECT_VERSION = 1;
				GENERATE_INFOPLIST_FILE = YES;
				MARKETING_VERSION = 1.0;
				PRODUCT_BUNDLE_IDENTIFIER = net.neuro9.lmmini.RunnerTests;
				PRODUCT_NAME = "$(TARGET_NAME)";
				SWIFT_VERSION = 5.0;
				TEST_HOST = "$(BUILT_PRODUCTS_DIR)/Runner.app/$(BUNDLE_EXECUTABLE_FOLDER_PATH)/Runner";
			};
			name = Release;
		};
		331C808A294A63A400263BE5 /* Profile */ = {
			isa = XCBuildConfiguration;
			baseConfigurationReference = 4FB8A2D8A4D3E20355D49FA2 /* Pods-RunnerTests.profile.xcconfig */;
			buildSettings = {
				BUNDLE_LOADER = "$(TEST_HOST)";
				CODE_SIGN_STYLE = Automatic;
				CURRENT_PROJECT_VERSION = 1;
				GENERATE_INFOPLIST_FILE = YES;
				MARKETING_VERSION = 1.0;
				PRODUCT_BUNDLE_IDENTIFIER = net.neuro9.lmmini.RunnerTests;
				PRODUCT_NAME = "$(TARGET_NAME)";
				SWIFT_VERSION = 5.0;
				TEST_HOST = "$(BUILT_PRODUCTS_DIR)/Runner.app/$(BUNDLE_EXECUTABLE_FOLDER_PATH)/Runner";
			};
			name = Profile;
		};
		97C147031CF9000F007C117D /* Debug */ = {
			isa = XCBuildConfiguration;
			buildSettings = {
				ALWAYS_SEARCH_USER_PATHS = NO;
				ASSETCATALOG_COMPILER_GENERATE_SWIFT_ASSET_SYMBOL_EXTENSIONS = AppIcon;
				CLANG_ANALYZER_NONNULL = YES;
				CLANG_CXX_LANGUAGE_STANDARD = "gnu++0x";
				CLANG_CXX_LIBRARY = "libc++";
				CLANG_ENABLE_MODULES = YES;
				CLANG_ENABLE_OBJC_ARC = YES;
				CLANG_WARN_BLOCK_CAPTURE_AUTORELEASING = YES;
				CLANG_WARN_BOOL_CONVERSION = YES;
				CLANG_WARN_COMMA = YES;
				CLANG_WARN_CONSTANT_CONVERSION = YES;
				CLANG_WARN_DEPRECATED_OBJC_IMPLEMENTATIONS = YES;
				CLANG_WARN_DIRECT_OBJC_ISA_USAGE = YES_ERROR;
				CLANG_WARN_EMPTY_BODY = YES;
				CLANG_WARN_ENUM_CONVERSION = YES;
				CLANG_WARN_INFINITE_RECURSION = YES;
				CLANG_WARN_INT_CONVERSION = YES;
				CLANG_WARN_NON_LITERAL_NULL_CONVERSION = YES;
				CLANG_WARN_OBJC_IMPLICIT_RETAIN_SELF = YES;
				CLANG_WARN_OBJC_LITERAL_CONVERSION = YES;
				CLANG_WARN_OBJC_ROOT_CLASS = YES_ERROR;
				CLANG_WARN_RANGE_LOOP_ANALYSIS = YES;
				CLANG_WARN_STRICT_PROTOTYPES = YES;
				CLANG_WARN_SUSPICIOUS_MOVE = YES;
				CLANG_WARN_UNREACHABLE_CODE = YES;
				CLANG_WARN__DUPLICATE_METHOD_MATCH = YES;
				"CODE_SIGN_IDENTITY[sdk=iphoneos*]" = "iPhone Developer";
				COPY_PHASE_STRIP = NO;
				DEBUG_INFORMATION_FORMAT = dwarf;
				ENABLE_STRICT_OBJC_MSGSEND = YES;
				ENABLE_TESTABILITY = YES;
				ENABLE_USER_SCRIPT_SANDBOXING = NO;
				GCC_C_LANGUAGE_STANDARD = gnu99;
				GCC_DYNAMIC_NO_PIC = NO;
				GCC_NO_COMMON_BLOCKS = YES;
				GCC_OPTIMIZATION_LEVEL = 0;
				GCC_PREPROCESSOR_DEFINITIONS = (
					"DEBUG=1",
					"$(inherited)",
				);
				GCC_WARN_64_TO_32_BIT_CONVERSION = YES;
				GCC_WARN_ABOUT_RETURN_TYPE = YES_ERROR;
				GCC_WARN_UNDECLARED_SELECTOR = YES;
				GCC_WARN_UNINITIALIZED_AUTOS = YES_AGGRESSIVE;
				GCC_WARN_UNUSED_FUNCTION = YES;
				GCC_WARN_UNUSED_VARIABLE = YES;
				IPHONEOS_DEPLOYMENT_TARGET = 16.0;
				MTL_ENABLE_DEBUG_INFO = YES;
				ONLY_ACTIVE_ARCH = YES;
				SDKROOT = iphoneos;
				TARGETED_DEVICE_FAMILY = "1,2";
			};
			name = Debug;
		};
		97C147041CF9000F007C117D /* Release */ = {
			isa = XCBuildConfiguration;
			buildSettings = {
				ALWAYS_SEARCH_USER_PATHS = NO;
				ASSETCATALOG_COMPILER_GENERATE_SWIFT_ASSET_SYMBOL_EXTENSIONS = AppIcon;
				CLANG_ANALYZER_NONNULL = YES;
				CLANG_CXX_LANGUAGE_STANDARD = "gnu++0x";
				CLANG_CXX_LIBRARY = "libc++";
				CLANG_ENABLE_MODULES = YES;
				CLANG_ENABLE_OBJC_ARC = YES;
				CLANG_WARN_BLOCK_CAPTURE_AUTORELEASING = YES;
				CLANG_WARN_BOOL_CONVERSION = YES;
				CLANG_WARN_COMMA = YES;
				CLANG_WARN_CONSTANT_CONVERSION = YES;
				CLANG_WARN_DEPRECATED_OBJC_IMPLEMENTATIONS = YES;
				CLANG_WARN_DIRECT_OBJC_ISA_USAGE = YES_ERROR;
				CLANG_WARN_EMPTY_BODY = YES;
				CLANG_WARN_ENUM_CONVERSION = YES;
				CLANG_WARN_INFINITE_RECURSION = YES;
				CLANG_WARN_INT_CONVERSION = YES;
				CLANG_WARN_NON_LITERAL_NULL_CONVERSION = YES;
				CLANG_WARN_OBJC_IMPLICIT_RETAIN_SELF = YES;
				CLANG_WARN_OBJC_LITERAL_CONVERSION = YES;
				CLANG_WARN_OBJC_ROOT_CLASS = YES_ERROR;
				CLANG_WARN_RANGE_LOOP_ANALYSIS = YES;
				CLANG_WARN_STRICT_PROTOTYPES = YES;
				CLANG_WARN_SUSPICIOUS_MOVE = YES;
				CLANG_WARN_UNREACHABLE_CODE = YES;
				CLANG_WARN__DUPLICATE_METHOD_MATCH = YES;
				"CODE_SIGN_IDENTITY[sdk=iphoneos*]" = "iPhone Developer";
				COPY_PHASE_STRIP = NO;
				DEBUG_INFORMATION_FORMAT = "dwarf-with-dsym";
				ENABLE_NS_ASSERTIONS = NO;
				ENABLE_STRICT_OBJC_MSGSEND = YES;
				ENABLE_USER_SCRIPT_SANDBOXING = NO;
				GCC_C_LANGUAGE_STANDARD = gnu99;
				GCC_NO_COMMON_BLOCKS = YES;
				GCC_WARN_64_TO_32_BIT_CONVERSION = YES;
				GCC_WARN_ABOUT_RETURN_TYPE = YES_ERROR;
				GCC_WARN_UNDECLARED_SELECTOR = YES;
				GCC_WARN_UNINITIALIZED_AUTOS = YES_AGGRESSIVE;
				GCC_WARN_UNUSED_FUNCTION = YES;
				GCC_WARN_UNUSED_VARIABLE = YES;
				IPHONEOS_DEPLOYMENT_TARGET = 16.0;
				MTL_ENABLE_DEBUG_INFO = NO;
				SDKROOT = iphoneos;
				SUPPORTED_PLATFORMS = iphoneos;
				SWIFT_COMPILATION_MODE = wholemodule;
				SWIFT_OPTIMIZATION_LEVEL = "-O";
				TARGETED_DEVICE_FAMILY = "1,2";
				VALIDATE_PRODUCT = YES;
			};
			name = Release;
		};
		97C147061CF9000F007C117D /* Debug */ = {
			isa = XCBuildConfiguration;
			baseConfigurationReference = 9740EEB21CF90195004384FC /* Debug.xcconfig */;
			buildSettings = {
				ASSETCATALOG_COMPILER_APPICON_NAME = AppIcon;
				CLANG_ENABLE_MODULES = YES;
				CODE_SIGN_ENTITLEMENTS = Runner/Runner.entitlements;
				CURRENT_PROJECT_VERSION = "$(FLUTTER_BUILD_NUMBER)";
				DEVELOPMENT_TEAM = 453T8Z38XL;
				ENABLE_BITCODE = NO;
				INFOPLIST_FILE = Runner/Info.plist;
				INFOPLIST_KEY_CFBundleDisplayName = "LM Mini";
				LD_RUNPATH_SEARCH_PATHS = (
					"$(inherited)",
					"@executable_path/Frameworks",
				);
				PRODUCT_BUNDLE_IDENTIFIER = net.neuro9.lmmini;
				PRODUCT_NAME = "$(TARGET_NAME)";
				SWIFT_OBJC_BRIDGING_HEADER = "Runner/Runner-Bridging-Header.h";
				SWIFT_OPTIMIZATION_LEVEL = "-Onone";
				SWIFT_VERSION = 5.0;
				VERSIONING_SYSTEM = "apple-generic";
			};
			name = Debug;
		};
		97C147071CF9000F007C117D /* Release */ = {
			isa = XCBuildConfiguration;
			baseConfigurationReference = 7AFA3C8E1D35360C0083082E /* Release.xcconfig */;
			buildSettings = {
				ASSETCATALOG_COMPILER_APPICON_NAME = AppIcon;
				CLANG_ENABLE_MODULES = YES;
				CODE_SIGN_ENTITLEMENTS = Runner/Runner.entitlements;
				CURRENT_PROJECT_VERSION = "$(FLUTTER_BUILD_NUMBER)";
				DEVELOPMENT_TEAM = 453T8Z38XL;
				ENABLE_BITCODE = NO;
				INFOPLIST_FILE = Runner/Info.plist;
				INFOPLIST_KEY_CFBundleDisplayName = "LM Mini";
				LD_RUNPATH_SEARCH_PATHS = (
					"$(inherited)",
					"@executable_path/Frameworks",
				);
				PRODUCT_BUNDLE_IDENTIFIER = net.neuro9.lmmini;
				PRODUCT_NAME = "$(TARGET_NAME)";
				SWIFT_OBJC_BRIDGING_HEADER = "Runner/Runner-Bridging-Header.h";
				SWIFT_VERSION = 5.0;
				VERSIONING_SYSTEM = "apple-generic";
			};
			name = Release;
		};
		A11B22C33D44E55001110009 /* Debug */ = {
			isa = XCBuildConfiguration;
			baseConfigurationReference = A11B22C33D44E55001110020 /* Watch.xcconfig */;
			buildSettings = {
				ASSETCATALOG_COMPILER_APPICON_NAME = AppIcon;
				CODE_SIGN_STYLE = Automatic;
				CURRENT_PROJECT_VERSION = "$(FLUTTER_BUILD_NUMBER)";
				DEVELOPMENT_TEAM = 453T8Z38XL;
				ENABLE_PREVIEWS = YES;
				GENERATE_INFOPLIST_FILE = YES;
				INFOPLIST_FILE = LMMiniWatch/Info.plist;
				INFOPLIST_KEY_CFBundleDisplayName = "LM Mini";
				INFOPLIST_KEY_WKCompanionAppBundleIdentifier = net.neuro9.lmmini;
				LD_RUNPATH_SEARCH_PATHS = (
					"$(inherited)",
					"@executable_path/Frameworks",
				);
				MARKETING_VERSION = "$(FLUTTER_BUILD_NAME)";
				PRODUCT_BUNDLE_IDENTIFIER = net.neuro9.lmmini.watchkitapp;
				PRODUCT_NAME = "$(TARGET_NAME)";
				SDKROOT = watchos;
				SKIP_INSTALL = YES;
				SUPPORTED_PLATFORMS = "watchos watchsimulator";
				SWIFT_EMIT_LOC_STRINGS = YES;
				SWIFT_VERSION = 5.0;
				TARGETED_DEVICE_FAMILY = 4;
				WATCHOS_DEPLOYMENT_TARGET = 10.0;
			};
			name = Debug;
		};
		A11B22C33D44E5500111000A /* Release */ = {
			isa = XCBuildConfiguration;
			baseConfigurationReference = A11B22C33D44E55001110020 /* Watch.xcconfig */;
			buildSettings = {
				ASSETCATALOG_COMPILER_APPICON_NAME = AppIcon;
				CODE_SIGN_STYLE = Automatic;
				CURRENT_PROJECT_VERSION = "$(FLUTTER_BUILD_NUMBER)";
				DEVELOPMENT_TEAM = 453T8Z38XL;
				ENABLE_PREVIEWS = YES;
				GENERATE_INFOPLIST_FILE = YES;
				INFOPLIST_FILE = LMMiniWatch/Info.plist;
				INFOPLIST_KEY_CFBundleDisplayName = "LM Mini";
				INFOPLIST_KEY_WKCompanionAppBundleIdentifier = net.neuro9.lmmini;
				LD_RUNPATH_SEARCH_PATHS = (
					"$(inherited)",
					"@executable_path/Frameworks",
				);
				MARKETING_VERSION = "$(FLUTTER_BUILD_NAME)";
				PRODUCT_BUNDLE_IDENTIFIER = net.neuro9.lmmini.watchkitapp;
				PRODUCT_NAME = "$(TARGET_NAME)";
				SDKROOT = watchos;
				SKIP_INSTALL = YES;
				SUPPORTED_PLATFORMS = "watchos watchsimulator";
				SWIFT_EMIT_LOC_STRINGS = YES;
				SWIFT_VERSION = 5.0;
				TARGETED_DEVICE_FAMILY = 4;
				WATCHOS_DEPLOYMENT_TARGET = 10.0;
			};
			name = Release;
		};
		A11B22C33D44E5500111000B /* Profile */ = {
			isa = XCBuildConfiguration;
			baseConfigurationReference = A11B22C33D44E55001110020 /* Watch.xcconfig */;
			buildSettings = {
				ASSETCATALOG_COMPILER_APPICON_NAME = AppIcon;
				CODE_SIGN_STYLE = Automatic;
				CURRENT_PROJECT_VERSION = "$(FLUTTER_BUILD_NUMBER)";
				DEVELOPMENT_TEAM = 453T8Z38XL;
				ENABLE_PREVIEWS = YES;
				GENERATE_INFOPLIST_FILE = YES;
				INFOPLIST_FILE = LMMiniWatch/Info.plist;
				INFOPLIST_KEY_CFBundleDisplayName = "LM Mini";
				INFOPLIST_KEY_WKCompanionAppBundleIdentifier = net.neuro9.lmmini;
				LD_RUNPATH_SEARCH_PATHS = (
					"$(inherited)",
					"@executable_path/Frameworks",
				);
				MARKETING_VERSION = "$(FLUTTER_BUILD_NAME)";
				PRODUCT_BUNDLE_IDENTIFIER = net.neuro9.lmmini.watchkitapp;
				PRODUCT_NAME = "$(TARGET_NAME)";
				SDKROOT = watchos;
				SKIP_INSTALL = YES;
				SUPPORTED_PLATFORMS = "watchos watchsimulator";
				SWIFT_EMIT_LOC_STRINGS = YES;
				SWIFT_VERSION = 5.0;
				TARGETED_DEVICE_FAMILY = 4;
				WATCHOS_DEPLOYMENT_TARGET = 10.0;
			};
			name = Profile;
		};
		C0D1FF0D2F1443E3005C0415 /* Debug */ = {
			isa = XCBuildConfiguration;
			baseConfigurationReference = A11B22C33D44E55001110020 /* Watch.xcconfig */;
			buildSettings = {
				ASSETCATALOG_COMPILER_GENERATE_SWIFT_ASSET_SYMBOL_EXTENSIONS = AppIcon;
				ASSETCATALOG_COMPILER_GLOBAL_ACCENT_COLOR_NAME = AppIcon;
				ASSETCATALOG_COMPILER_WIDGET_BACKGROUND_COLOR_NAME = AppIcon;
				CLANG_ANALYZER_NUMBER_OBJECT_CONVERSION = YES_AGGRESSIVE;
				CLANG_CXX_LANGUAGE_STANDARD = "gnu++20";
				CLANG_ENABLE_OBJC_WEAK = YES;
				CLANG_WARN_DOCUMENTATION_COMMENTS = YES;
				CLANG_WARN_QUOTED_INCLUDE_IN_FRAMEWORK_HEADER = YES;
				CLANG_WARN_UNGUARDED_AVAILABILITY = YES_AGGRESSIVE;
				CODE_SIGN_ENTITLEMENTS = LMWidgetExtensionExtension.entitlements;
				CODE_SIGN_STYLE = Automatic;
				CURRENT_PROJECT_VERSION = "$(FLUTTER_BUILD_NUMBER)";
				DEVELOPMENT_TEAM = 453T8Z38XL;
				ENABLE_USER_SCRIPT_SANDBOXING = YES;
				GCC_C_LANGUAGE_STANDARD = gnu17;
				GENERATE_INFOPLIST_FILE = YES;
				INFOPLIST_FILE = LMWidgetExtension/Info.plist;
				INFOPLIST_KEY_CFBundleDisplayName = LMWidgetExtension;
				INFOPLIST_KEY_NSHumanReadableCopyright = "";
				IPHONEOS_DEPLOYMENT_TARGET = 17.0;
				LD_RUNPATH_SEARCH_PATHS = (
					"$(inherited)",
					"@executable_path/Frameworks",
					"@executable_path/../../Frameworks",
				);
				LOCALIZATION_PREFERS_STRING_CATALOGS = YES;
				MARKETING_VERSION = "$(FLUTTER_BUILD_NAME)";
				MTL_ENABLE_DEBUG_INFO = INCLUDE_SOURCE;
				MTL_FAST_MATH = YES;
				PRODUCT_BUNDLE_IDENTIFIER = net.neuro9.lmmini.LMWidgetExtension;
				PRODUCT_NAME = "$(TARGET_NAME)";
				SKIP_INSTALL = YES;
				STRING_CATALOG_GENERATE_SYMBOLS = YES;
				SWIFT_ACTIVE_COMPILATION_CONDITIONS = "DEBUG $(inherited)";
				SWIFT_APPROACHABLE_CONCURRENCY = YES;
				SWIFT_EMIT_LOC_STRINGS = YES;
				SWIFT_OPTIMIZATION_LEVEL = "-Onone";
				SWIFT_UPCOMING_FEATURE_MEMBER_IMPORT_VISIBILITY = YES;
				SWIFT_VERSION = 5.0;
				TARGETED_DEVICE_FAMILY = "1,2";
			};
			name = Debug;
		};
		C0D1FF0E2F1443E3005C0415 /* Release */ = {
			isa = XCBuildConfiguration;
			baseConfigurationReference = A11B22C33D44E55001110020 /* Watch.xcconfig */;
			buildSettings = {
				ASSETCATALOG_COMPILER_GENERATE_SWIFT_ASSET_SYMBOL_EXTENSIONS = AppIcon;
				ASSETCATALOG_COMPILER_GLOBAL_ACCENT_COLOR_NAME = AppIcon;
				ASSETCATALOG_COMPILER_WIDGET_BACKGROUND_COLOR_NAME = AppIcon;
				CLANG_ANALYZER_NUMBER_OBJECT_CONVERSION = YES_AGGRESSIVE;
				CLANG_CXX_LANGUAGE_STANDARD = "gnu++20";
				CLANG_ENABLE_OBJC_WEAK = YES;
				CLANG_WARN_DOCUMENTATION_COMMENTS = YES;
				CLANG_WARN_QUOTED_INCLUDE_IN_FRAMEWORK_HEADER = YES;
				CLANG_WARN_UNGUARDED_AVAILABILITY = YES_AGGRESSIVE;
				CODE_SIGN_ENTITLEMENTS = LMWidgetExtensionExtension.entitlements;
				CODE_SIGN_STYLE = Automatic;
				CURRENT_PROJECT_VERSION = "$(FLUTTER_BUILD_NUMBER)";
				DEVELOPMENT_TEAM = 453T8Z38XL;
				ENABLE_USER_SCRIPT_SANDBOXING = YES;
				GCC_C_LANGUAGE_STANDARD = gnu17;
				GENERATE_INFOPLIST_FILE = YES;
				INFOPLIST_FILE = LMWidgetExtension/Info.plist;
				INFOPLIST_KEY_CFBundleDisplayName = LMWidgetExtension;
				INFOPLIST_KEY_NSHumanReadableCopyright = "";
				IPHONEOS_DEPLOYMENT_TARGET = 17.0;
				LD_RUNPATH_SEARCH_PATHS = (
					"$(inherited)",
					"@executable_path/Frameworks",
					"@executable_path/../../Frameworks",
				);
				LOCALIZATION_PREFERS_STRING_CATALOGS = YES;
				MARKETING_VERSION = "$(FLUTTER_BUILD_NAME)";
				MTL_FAST_MATH = YES;
				PRODUCT_BUNDLE_IDENTIFIER = net.neuro9.lmmini.LMWidgetExtension;
				PRODUCT_NAME = "$(TARGET_NAME)";
				SKIP_INSTALL = YES;
				STRING_CATALOG_GENERATE_SYMBOLS = YES;
				SWIFT_APPROACHABLE_CONCURRENCY = YES;
				SWIFT_EMIT_LOC_STRINGS = YES;
				SWIFT_UPCOMING_FEATURE_MEMBER_IMPORT_VISIBILITY = YES;
				SWIFT_VERSION = 5.0;
				TARGETED_DEVICE_FAMILY = "1,2";
			};
			name = Release;
		};
		C0D1FF0F2F1443E3005C0415 /* Profile */ = {
			isa = XCBuildConfiguration;
			baseConfigurationReference = A11B22C33D44E55001110020 /* Watch.xcconfig */;
			buildSettings = {
				ASSETCATALOG_COMPILER_GENERATE_SWIFT_ASSET_SYMBOL_EXTENSIONS = AppIcon;
				ASSETCATALOG_COMPILER_GLOBAL_ACCENT_COLOR_NAME = AppIcon;
				ASSETCATALOG_COMPILER_WIDGET_BACKGROUND_COLOR_NAME = AppIcon;
				CLANG_ANALYZER_NUMBER_OBJECT_CONVERSION = YES_AGGRESSIVE;
				CLANG_CXX_LANGUAGE_STANDARD = "gnu++20";
				CLANG_ENABLE_OBJC_WEAK = YES;
				CLANG_WARN_DOCUMENTATION_COMMENTS = YES;
				CLANG_WARN_QUOTED_INCLUDE_IN_FRAMEWORK_HEADER = YES;
				CLANG_WARN_UNGUARDED_AVAILABILITY = YES_AGGRESSIVE;
				CODE_SIGN_ENTITLEMENTS = LMWidgetExtensionExtension.entitlements;
				CODE_SIGN_STYLE = Automatic;
				CURRENT_PROJECT_VERSION = "$(FLUTTER_BUILD_NUMBER)";
				DEVELOPMENT_TEAM = 453T8Z38XL;
				ENABLE_USER_SCRIPT_SANDBOXING = YES;
				GCC_C_LANGUAGE_STANDARD = gnu17;
				GENERATE_INFOPLIST_FILE = YES;
				INFOPLIST_FILE = LMWidgetExtension/Info.plist;
				INFOPLIST_KEY_CFBundleDisplayName = LMWidgetExtension;
				INFOPLIST_KEY_NSHumanReadableCopyright = "";
				IPHONEOS_DEPLOYMENT_TARGET = 17.0;
				LD_RUNPATH_SEARCH_PATHS = (
					"$(inherited)",
					"@executable_path/Frameworks",
					"@executable_path/../../Frameworks",
				);
				LOCALIZATION_PREFERS_STRING_CATALOGS = YES;
				MARKETING_VERSION = "$(FLUTTER_BUILD_NAME)";
				MTL_FAST_MATH = YES;
				PRODUCT_BUNDLE_IDENTIFIER = net.neuro9.lmmini.LMWidgetExtension;
				PRODUCT_NAME = "$(TARGET_NAME)";
				SKIP_INSTALL = YES;
				STRING_CATALOG_GENERATE_SYMBOLS = YES;
				SWIFT_APPROACHABLE_CONCURRENCY = YES;
				SWIFT_EMIT_LOC_STRINGS = YES;
				SWIFT_UPCOMING_FEATURE_MEMBER_IMPORT_VISIBILITY = YES;
				SWIFT_VERSION = 5.0;
				TARGETED_DEVICE_FAMILY = "1,2";
			};
			name = Profile;
		};
/* End XCBuildConfiguration section */

/* Begin XCConfigurationList section */
		331C8087294A63A400263BE5 /* Build configuration list for PBXNativeTarget "RunnerTests" */ = {
			isa = XCConfigurationList;
			buildConfigurations = (
				331C8088294A63A400263BE5 /* Debug */,
				331C8089294A63A400263BE5 /* Release */,
				331C808A294A63A400263BE5 /* Profile */,
			);
			defaultConfigurationIsVisible = 0;
			defaultConfigurationName = Release;
		};
		97C146E91CF9000F007C117D /* Build configuration list for PBXProject "Runner" */ = {
			isa = XCConfigurationList;
			buildConfigurations = (
				97C147031CF9000F007C117D /* Debug */,
				97C147041CF9000F007C117D /* Release */,
				249021D3217E4FDB00AE95B9 /* Profile */,
			);
			defaultConfigurationIsVisible = 0;
			defaultConfigurationName = Release;
		};
		97C147051CF9000F007C117D /* Build configuration list for PBXNativeTarget "Runner" */ = {
			isa = XCConfigurationList;
			buildConfigurations = (
				97C147061CF9000F007C117D /* Debug */,
				97C147071CF9000F007C117D /* Release */,
				249021D4217E4FDB00AE95B9 /* Profile */,
			);
			defaultConfigurationIsVisible = 0;
			defaultConfigurationName = Release;
		};
		A11B22C33D44E55001110008 /* Build configuration list for PBXNativeTarget "LMMiniWatch" */ = {
			isa = XCConfigurationList;
			buildConfigurations = (
				A11B22C33D44E55001110009 /* Debug */,
				A11B22C33D44E5500111000A /* Release */,
				A11B22C33D44E5500111000B /* Profile */,
			);
			defaultConfigurationIsVisible = 0;
			defaultConfigurationName = Release;
		};
		C0D1FF112F1443E3005C0415 /* Build configuration list for PBXNativeTarget "LMWidgetExtensionExtension" */ = {
			isa = XCConfigurationList;
			buildConfigurations = (
				C0D1FF0D2F1443E3005C0415 /* Debug */,
				C0D1FF0E2F1443E3005C0415 /* Release */,
				C0D1FF0F2F1443E3005C0415 /* Profile */,
			);
			defaultConfigurationIsVisible = 0;
			defaultConfigurationName = Release;
		};
/* End XCConfigurationList section */

/* Begin XCLocalSwiftPackageReference section */
		81F2CD3F858E1725E3B7BD4F /* XCLocalSwiftPackageReference "CoreMLStableDiffusion" */ = {
			isa = XCLocalSwiftPackageReference;
			relativePath = Packages/CoreMLStableDiffusion;
		};
/* End XCLocalSwiftPackageReference section */

/* Begin XCRemoteSwiftPackageReference section */
		0F08F553CD5747D5EB326007 /* XCRemoteSwiftPackageReference "mlx-swift" */ = {
			isa = XCRemoteSwiftPackageReference;
			repositoryURL = "https://github.com/ml-explore/mlx-swift";
			requirement = {
				kind = exactVersion;
				version = 0.25.6;
			};
		};
		5E3534C8B1B5E933EDF2B090 /* XCRemoteSwiftPackageReference "mlx-swift-examples" */ = {
			isa = XCRemoteSwiftPackageReference;
			repositoryURL = "https://github.com/ml-explore/mlx-swift-examples";
			requirement = {
				kind = exactVersion;
				version = 2.25.9;
			};
		};
/* End XCRemoteSwiftPackageReference section */

/* Begin XCSwiftPackageProductDependency section */
		013A30403124B221C713E0FF /* MLXLMCommon */ = {
			isa = XCSwiftPackageProductDependency;
			package = 5E3534C8B1B5E933EDF2B090 /* XCRemoteSwiftPackageReference "mlx-swift-examples" */;
			productName = MLXLMCommon;
		};
		0F1EA3167C56A84574F9B876 /* CoreMLStableDiffusion */ = {
			isa = XCSwiftPackageProductDependency;
			package = 81F2CD3F858E1725E3B7BD4F /* XCLocalSwiftPackageReference "CoreMLStableDiffusion" */;
			productName = CoreMLStableDiffusion;
		};
		394C69194AB81EF4ED66C7AE /* MLXNN */ = {
			isa = XCSwiftPackageProductDependency;
			package = 0F08F553CD5747D5EB326007 /* XCRemoteSwiftPackageReference "mlx-swift" */;
			productName = MLXNN;
		};
		9E629C3EE8B6C9DD9BA0BBAF /* MLXRandom */ = {
			isa = XCSwiftPackageProductDependency;
			package = 0F08F553CD5747D5EB326007 /* XCRemoteSwiftPackageReference "mlx-swift" */;
			productName = MLXRandom;
		};
		AADE0367C8757AD700303DB1 /* MLX */ = {
			isa = XCSwiftPackageProductDependency;
			package = 0F08F553CD5747D5EB326007 /* XCRemoteSwiftPackageReference "mlx-swift" */;
			productName = MLX;
		};
		DAEE13A6599A359869707531 /* MLXLLM */ = {
			isa = XCSwiftPackageProductDependency;
			package = 5E3534C8B1B5E933EDF2B090 /* XCRemoteSwiftPackageReference "mlx-swift-examples" */;
			productName = MLXLLM;
		};
		EE4CB2F97797287B82085540 /* MLXFast */ = {
			isa = XCSwiftPackageProductDependency;
			package = 0F08F553CD5747D5EB326007 /* XCRemoteSwiftPackageReference "mlx-swift" */;
			productName = MLXFast;
		};
/* End XCSwiftPackageProductDependency section */
	};
	rootObject = 97C146E61CF9000F007C117D /* Project object */;
}
